
Microsoft Visual Studio Solution File, Format Version 12.00
# Visual Studio Version 17
VisualStudioVersion = 17.6.33723.286
MinimumVisualStudioVersion = 10.0.40219.1
Project("{9A19103F-16F7-4668-BE54-9A1E7A4F7556}") = "API", "API\API.csproj", "{FFD82E53-72BB-485D-A2FE-E594BE74EBE4}"
EndProject
Project("{9A19103F-16F7-4668-BE54-9A1E7A4F7556}") = "Client", "Client\Client.csproj", "{ABBC63D6-811D-4C82-BDBF-6D1F22DB946A}"
EndProject
Project("{9A19103F-16F7-4668-BE54-9A1E7A4F7556}") = "BlazorApp", "BlazorApp\BlazorApp.csproj", "{504C5F0B-684B-4000-B273-D351596F1EBB}"
EndProject
Global
	GlobalSection(SolutionConfigurationPlatforms) = preSolution
		Debug|Any CPU = Debug|Any CPU
		Release|Any CPU = Release|Any CPU
	EndGlobalSection
	GlobalSection(ProjectConfigurationPlatforms) = postSolution
		{FFD82E53-72BB-485D-A2FE-E594BE74EBE4}.Debug|Any CPU.ActiveCfg = Debug|Any CPU
		{FFD82E53-72BB-485D-A2FE-E594BE74EBE4}.Debug|Any CPU.Build.0 = Debug|Any CPU
		{FFD82E53-72BB-485D-A2FE-E594BE74EBE4}.Release|Any CPU.ActiveCfg = Release|Any CPU
		{FFD82E53-72BB-485D-A2FE-E594BE74EBE4}.Release|Any CPU.Build.0 = Release|Any CPU
		{ABBC63D6-811D-4C82-BDBF-6D1F22DB946A}.Debug|Any CPU.ActiveCfg = Debug|Any CPU
		{ABBC63D6-811D-4C82-BDBF-6D1F22DB946A}.Debug|Any CPU.Build.0 = Debug|Any CPU
		{ABBC63D6-811D-4C82-BDBF-6D1F22DB946A}.Release|Any CPU.ActiveCfg = Release|Any CPU
		{ABBC63D6-811D-4C82-BDBF-6D1F22DB946A}.Release|Any CPU.Build.0 = Release|Any CPU
		{504C5F0B-684B-4000-B273-D351596F1EBB}.Debug|Any CPU.ActiveCfg = Debug|Any CPU
		{504C5F0B-684B-4000-B273-D351596F1EBB}.Debug|Any CPU.Build.0 = Debug|Any CPU
		{504C5F0B-684B-4000-B273-D351596F1EBB}.Release|Any CPU.ActiveCfg = Release|Any CPU
		{504C5F0B-684B-4000-B273-D351596F1EBB}.Release|Any CPU.Build.0 = Release|Any CPU
	EndGlobalSection
	GlobalSection(SolutionProperties) = preSolution
		HideSolutionNode = FALSE
	EndGlobalSection
	GlobalSection(ExtensibilityGlobals) = postSolution
		SolutionGuid = {6E965599-1D24-4C27-8B44-7C58EF856E4D}
	EndGlobalSection
EndGlobal
